
Microsoft Visual Studio Solution File, Format Version 12.00
# Visual Studio Version 16
VisualStudioVersion = 16.0.30907.101
MinimumVisualStudioVersion = 10.0.40219.1
Project("{FAE04EC0-301F-11D3-BF4B-00C04F79EFBC}") = "Btlab4", "Btlab4.csproj", "{0CB7F981-D1B8-49B1-98FC-DE7F00A88FAA}"
EndProject
Global
	GlobalSection(SolutionConfigurationPlatforms) = preSolution
		Debug|Any CPU = Debug|Any CPU
		Release|Any CPU = Release|Any CPU
	EndGlobalSection
	GlobalSection(ProjectConfigurationPlatforms) = postSolution
		{0CB7F981-D1B8-49B1-98FC-DE7F00A88FAA}.Debug|Any CPU.ActiveCfg = Debug|Any CPU
		{0CB7F981-D1B8-49B1-98FC-DE7F00A88FAA}.Debug|Any CPU.Build.0 = Debug|Any CPU
		{0CB7F981-D1B8-49B1-98FC-DE7F00A88FAA}.Release|Any CPU.ActiveCfg = Release|Any CPU
		{0CB7F981-D1B8-49B1-98FC-DE7F00A88FAA}.Release|Any CPU.Build.0 = Release|Any CPU
	EndGlobalSection
	GlobalSection(SolutionProperties) = preSolution
		HideSolutionNode = FALSE
	EndGlobalSection
	GlobalSection(ExtensibilityGlobals) = postSolution
		SolutionGuid = {749BB7CE-2F15-455D-A97F-EE8A5443C907}
	EndGlobalSection
EndGlobal
